// !$*UTF8*$!
{
	archiveVersion = 1;
	classes = {
	};
	objectVersion = 46;
	objects = {

/* Begin PBXBuildFile section */
		FA3694811AA0E6AF00C18BBF /* AppDelegate.swift in Sources */ = {isa = PBXBuildFile; fileRef = FA3694801AA0E6AF00C18BBF /* AppDelegate.swift */; };
		FA3694831AA0E6AF00C18BBF /* ViewController.swift in Sources */ = {isa = PBXBuildFile; fileRef = FA3694821AA0E6AF00C18BBF /* ViewController.swift */; };
		FA3694861AA0E6AF00C18BBF /* Main.storyboard in Resources */ = {isa = PBXBuildFile; fileRef = FA3694841AA0E6AF00C18BBF /* Main.storyboard */; };
		FA3694881AA0E6AF00C18BBF /* Images.xcassets in Resources */ = {isa = PBXBuildFile; fileRef = FA3694871AA0E6AF00C18BBF /* Images.xcassets */; };
		FA36948B1AA0E6AF00C18BBF /* LaunchScreen.xib in Resources */ = {isa = PBXBuildFile; fileRef = FA3694891AA0E6AF00C18BBF /* LaunchScreen.xib */; };
		FA3694971AA0E6AF00C18BBF /* HackIllinois_2015Tests.swift in Sources */ = {isa = PBXBuildFile; fileRef = FA3694961AA0E6AF00C18BBF /* HackIllinois_2015Tests.swift */; };
		FA4104931AA1A7E2002038E3 /* AppDelegate.swift in Sources */ = {isa = PBXBuildFile; fileRef = FA4104841AA1A7E2002038E3 /* AppDelegate.swift */; };
		FA4104941AA1A7E2002038E3 /* LaunchScreen.xib in Resources */ = {isa = PBXBuildFile; fileRef = FA4104851AA1A7E2002038E3 /* LaunchScreen.xib */; };
		FA4104951AA1A7E2002038E3 /* Main.storyboard in Resources */ = {isa = PBXBuildFile; fileRef = FA4104871AA1A7E2002038E3 /* Main.storyboard */; };
		FA4104961AA1A7E2002038E3 /* Images.xcassets in Resources */ = {isa = PBXBuildFile; fileRef = FA4104891AA1A7E2002038E3 /* Images.xcassets */; };
		FA4104971AA1A7E2002038E3 /* Info.plist in Resources */ = {isa = PBXBuildFile; fileRef = FA41048A1AA1A7E2002038E3 /* Info.plist */; };
		FA4104981AA1A7E2002038E3 /* LICENSE in Resources */ = {isa = PBXBuildFile; fileRef = FA41048E1AA1A7E2002038E3 /* LICENSE */; };
		FA4104991AA1A7E2002038E3 /* YelpBusiness.swift in Sources */ = {isa = PBXBuildFile; fileRef = FA41048F1AA1A7E2002038E3 /* YelpBusiness.swift */; };
		FA41049A1AA1A7E2002038E3 /* YelpClient.swift in Sources */ = {isa = PBXBuildFile; fileRef = FA4104901AA1A7E2002038E3 /* YelpClient.swift */; };
		FA41049B1AA1A7E2002038E3 /* yelp.swift in Sources */ = {isa = PBXBuildFile; fileRef = FA4104911AA1A7E2002038E3 /* yelp.swift */; };
		FA41049C1AA1A7E2002038E3 /* ViewController.swift in Sources */ = {isa = PBXBuildFile; fileRef = FA4104921AA1A7E2002038E3 /* ViewController.swift */; };
		FAAF79C21AA1A0C3002D467E /* BDBOAuth1RequestOperationManager.m in Sources */ = {isa = PBXBuildFile; fileRef = FAAF79B81AA1A0C3002D467E /* BDBOAuth1RequestOperationManager.m */; };
		FAAF79C31AA1A0C3002D467E /* BDBOAuth1RequestSerializer.m in Sources */ = {isa = PBXBuildFile; fileRef = FAAF79BA1AA1A0C3002D467E /* BDBOAuth1RequestSerializer.m */; };
		FAAF79C41AA1A0C3002D467E /* BDBOAuth1SessionManager.m in Sources */ = {isa = PBXBuildFile; fileRef = FAAF79BC1AA1A0C3002D467E /* BDBOAuth1SessionManager.m */; };
		FAAF79C51AA1A0C3002D467E /* NSDictionary+BDBOAuth1Manager.m in Sources */ = {isa = PBXBuildFile; fileRef = FAAF79BF1AA1A0C3002D467E /* NSDictionary+BDBOAuth1Manager.m */; };
		FAAF79C61AA1A0C3002D467E /* NSString+BDBOAuth1Manager.m in Sources */ = {isa = PBXBuildFile; fileRef = FAAF79C11AA1A0C3002D467E /* NSString+BDBOAuth1Manager.m */; };
		FAC1FDA01AA181DA0038E158 /* yelp.swift in Sources */ = {isa = PBXBuildFile; fileRef = FAC1FD9F1AA181DA0038E158 /* yelp.swift */; };
		FAC1FDB01AA18BD30038E158 /* YelpClient.swift in Sources */ = {isa = PBXBuildFile; fileRef = FAC1FDAB1AA18BD30038E158 /* YelpClient.swift */; };
		FAC1FDB51AA18C480038E158 /* YelpBusiness.swift in Sources */ = {isa = PBXBuildFile; fileRef = FAC1FDB41AA18C480038E158 /* YelpBusiness.swift */; };
/* End PBXBuildFile section */

/* Begin PBXContainerItemProxy section */
		FA3694911AA0E6AF00C18BBF /* PBXContainerItemProxy */ = {
			isa = PBXContainerItemProxy;
			containerPortal = FA3694731AA0E6AF00C18BBF /* Project object */;
			proxyType = 1;
			remoteGlobalIDString = FA36947A1AA0E6AF00C18BBF;
			remoteInfo = "HackIllinois-2015";
		};
		FAAF79AF1AA1A09B002D467E /* PBXContainerItemProxy */ = {
			isa = PBXContainerItemProxy;
			containerPortal = FAAF79AA1AA1A09B002D467E /* BDBOAuth1ManagerDemo.xcodeproj */;
			proxyType = 2;
			remoteGlobalIDString = E8F375C51808743300C40148;
			remoteInfo = "Twitter Demo";
		};
		FAAF79B11AA1A09B002D467E /* PBXContainerItemProxy */ = {
			isa = PBXContainerItemProxy;
			containerPortal = FAAF79AA1AA1A09B002D467E /* BDBOAuth1ManagerDemo.xcodeproj */;
			proxyType = 2;
			remoteGlobalIDString = E8284CAE18464EF900B3C6AA;
			remoteInfo = "Flickr Demo";
		};
		FAC1FD991AA181230038E158 /* PBXContainerItemProxy */ = {
			isa = PBXContainerItemProxy;
			containerPortal = FAC1FD941AA181220038E158 /* OAuthSwift.xcodeproj */;
			proxyType = 2;
			remoteGlobalIDString = F451E3C5195B8CD80051434C;
			remoteInfo = OAuthSwiftDemo;
		};
		FAC1FD9B1AA181230038E158 /* PBXContainerItemProxy */ = {
			isa = PBXContainerItemProxy;
			containerPortal = FAC1FD941AA181220038E158 /* OAuthSwift.xcodeproj */;
			proxyType = 2;
			remoteGlobalIDString = F435027A1A6791B200038A29;
			remoteInfo = OAuthSwift;
		};
		FAC1FDA71AA18B890038E158 /* PBXContainerItemProxy */ = {
			isa = PBXContainerItemProxy;
			containerPortal = FAC1FDA21AA18B880038E158 /* Yelp.xcodeproj */;
			proxyType = 2;
			remoteGlobalIDString = 222D8A5519CCF9F900D2DB53;
			remoteInfo = Yelp;
		};
		FAC1FDA91AA18B890038E158 /* PBXContainerItemProxy */ = {
			isa = PBXContainerItemProxy;
			containerPortal = FAC1FDA21AA18B880038E158 /* Yelp.xcodeproj */;
			proxyType = 2;
			remoteGlobalIDString = 222D8A6A19CCF9F900D2DB53;
			remoteInfo = YelpTests;
		};
/* End PBXContainerItemProxy section */

/* Begin PBXFileReference section */
		FA36947B1AA0E6AF00C18BBF /* HackIllinois-2015.app */ = {isa = PBXFileReference; explicitFileType = wrapper.application; includeInIndex = 0; path = "HackIllinois-2015.app"; sourceTree = BUILT_PRODUCTS_DIR; };
		FA36947F1AA0E6AF00C18BBF /* Info.plist */ = {isa = PBXFileReference; lastKnownFileType = text.plist.xml; path = Info.plist; sourceTree = "<group>"; };
		FA3694801AA0E6AF00C18BBF /* AppDelegate.swift */ = {isa = PBXFileReference; lastKnownFileType = sourcecode.swift; path = AppDelegate.swift; sourceTree = "<group>"; };
		FA3694821AA0E6AF00C18BBF /* ViewController.swift */ = {isa = PBXFileReference; lastKnownFileType = sourcecode.swift; path = ViewController.swift; sourceTree = "<group>"; };
		FA3694851AA0E6AF00C18BBF /* Base */ = {isa = PBXFileReference; lastKnownFileType = file.storyboard; name = Base; path = Base.lproj/Main.storyboard; sourceTree = "<group>"; };
		FA3694871AA0E6AF00C18BBF /* Images.xcassets */ = {isa = PBXFileReference; lastKnownFileType = folder.assetcatalog; path = Images.xcassets; sourceTree = "<group>"; };
		FA36948A1AA0E6AF00C18BBF /* Base */ = {isa = PBXFileReference; lastKnownFileType = file.xib; name = Base; path = Base.lproj/LaunchScreen.xib; sourceTree = "<group>"; };
		FA3694901AA0E6AF00C18BBF /* HackIllinois-2015Tests.xctest */ = {isa = PBXFileReference; explicitFileType = wrapper.cfbundle; includeInIndex = 0; path = "HackIllinois-2015Tests.xctest"; sourceTree = BUILT_PRODUCTS_DIR; };
		FA3694951AA0E6AF00C18BBF /* Info.plist */ = {isa = PBXFileReference; lastKnownFileType = text.plist.xml; path = Info.plist; sourceTree = "<group>"; };
		FA3694961AA0E6AF00C18BBF /* HackIllinois_2015Tests.swift */ = {isa = PBXFileReference; lastKnownFileType = sourcecode.swift; path = HackIllinois_2015Tests.swift; sourceTree = "<group>"; };
		FA4104841AA1A7E2002038E3 /* AppDelegate.swift */ = {isa = PBXFileReference; fileEncoding = 4; lastKnownFileType = sourcecode.swift; path = AppDelegate.swift; sourceTree = "<group>"; };
		FA4104861AA1A7E2002038E3 /* Base */ = {isa = PBXFileReference; lastKnownFileType = file.xib; name = Base; path = Base.lproj/LaunchScreen.xib; sourceTree = "<group>"; };
		FA4104881AA1A7E2002038E3 /* Base */ = {isa = PBXFileReference; lastKnownFileType = file.storyboard; name = Base; path = Base.lproj/Main.storyboard; sourceTree = "<group>"; };
		FA4104891AA1A7E2002038E3 /* Images.xcassets */ = {isa = PBXFileReference; lastKnownFileType = folder.assetcatalog; path = Images.xcassets; sourceTree = "<group>"; };
		FA41048A1AA1A7E2002038E3 /* Info.plist */ = {isa = PBXFileReference; fileEncoding = 4; lastKnownFileType = text.plist.xml; path = Info.plist; sourceTree = "<group>"; };
		FA41048D1AA1A7E2002038E3 /* HackIllinois_2015-Bridging-Header.h */ = {isa = PBXFileReference; fileEncoding = 4; lastKnownFileType = sourcecode.c.h; path = "HackIllinois_2015-Bridging-Header.h"; sourceTree = "<group>"; };
		FA41048E1AA1A7E2002038E3 /* LICENSE */ = {isa = PBXFileReference; fileEncoding = 4; lastKnownFileType = text; path = LICENSE; sourceTree = "<group>"; };
		FA41048F1AA1A7E2002038E3 /* YelpBusiness.swift */ = {isa = PBXFileReference; fileEncoding = 4; lastKnownFileType = sourcecode.swift; path = YelpBusiness.swift; sourceTree = "<group>"; };
		FA4104901AA1A7E2002038E3 /* YelpClient.swift */ = {isa = PBXFileReference; fileEncoding = 4; lastKnownFileType = sourcecode.swift; path = YelpClient.swift; sourceTree = "<group>"; };
		FA4104911AA1A7E2002038E3 /* yelp.swift */ = {isa = PBXFileReference; fileEncoding = 4; lastKnownFileType = sourcecode.swift; path = yelp.swift; sourceTree = "<group>"; };
		FA4104921AA1A7E2002038E3 /* ViewController.swift */ = {isa = PBXFileReference; fileEncoding = 4; lastKnownFileType = sourcecode.swift; path = ViewController.swift; sourceTree = "<group>"; };
		FAAF79A21AA19A13002D467E /* HackIllinois_2015-Bridging-Header.h */ = {isa = PBXFileReference; lastKnownFileType = sourcecode.c.h; name = "HackIllinois_2015-Bridging-Header.h"; path = "HackIllinois-2015/model/Yelp API/HackIllinois_2015-Bridging-Header.h"; sourceTree = SOURCE_ROOT; };
		FAAF79AA1AA1A09B002D467E /* BDBOAuth1ManagerDemo.xcodeproj */ = {isa = PBXFileReference; lastKnownFileType = "wrapper.pb-project"; name = BDBOAuth1ManagerDemo.xcodeproj; path = "../../Downloads/BDBOAuth1Manager-master/BDBOAuth1ManagerDemo/BDBOAuth1ManagerDemo.xcodeproj"; sourceTree = "<group>"; };
		FAAF79B71AA1A0C3002D467E /* BDBOAuth1RequestOperationManager.h */ = {isa = PBXFileReference; fileEncoding = 4; lastKnownFileType = sourcecode.c.h; path = BDBOAuth1RequestOperationManager.h; sourceTree = "<group>"; };
		FAAF79B81AA1A0C3002D467E /* BDBOAuth1RequestOperationManager.m */ = {isa = PBXFileReference; fileEncoding = 4; lastKnownFileType = sourcecode.c.objc; path = BDBOAuth1RequestOperationManager.m; sourceTree = "<group>"; };
		FAAF79B91AA1A0C3002D467E /* BDBOAuth1RequestSerializer.h */ = {isa = PBXFileReference; fileEncoding = 4; lastKnownFileType = sourcecode.c.h; path = BDBOAuth1RequestSerializer.h; sourceTree = "<group>"; };
		FAAF79BA1AA1A0C3002D467E /* BDBOAuth1RequestSerializer.m */ = {isa = PBXFileReference; fileEncoding = 4; lastKnownFileType = sourcecode.c.objc; path = BDBOAuth1RequestSerializer.m; sourceTree = "<group>"; };
		FAAF79BB1AA1A0C3002D467E /* BDBOAuth1SessionManager.h */ = {isa = PBXFileReference; fileEncoding = 4; lastKnownFileType = sourcecode.c.h; path = BDBOAuth1SessionManager.h; sourceTree = "<group>"; };
		FAAF79BC1AA1A0C3002D467E /* BDBOAuth1SessionManager.m */ = {isa = PBXFileReference; fileEncoding = 4; lastKnownFileType = sourcecode.c.objc; path = BDBOAuth1SessionManager.m; sourceTree = "<group>"; };
		FAAF79BE1AA1A0C3002D467E /* NSDictionary+BDBOAuth1Manager.h */ = {isa = PBXFileReference; fileEncoding = 4; lastKnownFileType = sourcecode.c.h; path = "NSDictionary+BDBOAuth1Manager.h"; sourceTree = "<group>"; };
		FAAF79BF1AA1A0C3002D467E /* NSDictionary+BDBOAuth1Manager.m */ = {isa = PBXFileReference; fileEncoding = 4; lastKnownFileType = sourcecode.c.objc; path = "NSDictionary+BDBOAuth1Manager.m"; sourceTree = "<group>"; };
		FAAF79C01AA1A0C3002D467E /* NSString+BDBOAuth1Manager.h */ = {isa = PBXFileReference; fileEncoding = 4; lastKnownFileType = sourcecode.c.h; path = "NSString+BDBOAuth1Manager.h"; sourceTree = "<group>"; };
		FAAF79C11AA1A0C3002D467E /* NSString+BDBOAuth1Manager.m */ = {isa = PBXFileReference; fileEncoding = 4; lastKnownFileType = sourcecode.c.objc; path = "NSString+BDBOAuth1Manager.m"; sourceTree = "<group>"; };
		FAC1FD941AA181220038E158 /* OAuthSwift.xcodeproj */ = {isa = PBXFileReference; lastKnownFileType = "wrapper.pb-project"; name = OAuthSwift.xcodeproj; path = "../../Downloads/OAuthSwift-master/OAuthSwift.xcodeproj"; sourceTree = "<group>"; };
		FAC1FD9F1AA181DA0038E158 /* yelp.swift */ = {isa = PBXFileReference; fileEncoding = 4; lastKnownFileType = sourcecode.swift; name = yelp.swift; path = "HackIllinois-2015/model/yelp.swift"; sourceTree = SOURCE_ROOT; };
		FAC1FDA21AA18B880038E158 /* Yelp.xcodeproj */ = {isa = PBXFileReference; lastKnownFileType = "wrapper.pb-project"; name = Yelp.xcodeproj; path = "../../Downloads/CodePath-Yelp-master/Yelp.xcodeproj"; sourceTree = "<group>"; };
		FAC1FDAB1AA18BD30038E158 /* YelpClient.swift */ = {isa = PBXFileReference; fileEncoding = 4; lastKnownFileType = sourcecode.swift; path = YelpClient.swift; sourceTree = "<group>"; };
		FAC1FDB41AA18C480038E158 /* YelpBusiness.swift */ = {isa = PBXFileReference; fileEncoding = 4; lastKnownFileType = sourcecode.swift; name = YelpBusiness.swift; path = ../../../.Trash/YelpBusiness.swift; sourceTree = "<group>"; };
/* End PBXFileReference section */

/* Begin PBXFrameworksBuildPhase section */
		FA3694781AA0E6AF00C18BBF /* Frameworks */ = {
			isa = PBXFrameworksBuildPhase;
			buildActionMask = 2147483647;
			files = (
			);
			runOnlyForDeploymentPostprocessing = 0;
		};
		FA36948D1AA0E6AF00C18BBF /* Frameworks */ = {
			isa = PBXFrameworksBuildPhase;
			buildActionMask = 2147483647;
			files = (
			);
			runOnlyForDeploymentPostprocessing = 0;
		};
/* End PBXFrameworksBuildPhase section */

/* Begin PBXGroup section */
		FA3694721AA0E6AF00C18BBF = {
			isa = PBXGroup;
			children = (
				FAAF79AA1AA1A09B002D467E /* BDBOAuth1ManagerDemo.xcodeproj */,
				FAC1FDA21AA18B880038E158 /* Yelp.xcodeproj */,
				FAC1FD941AA181220038E158 /* OAuthSwift.xcodeproj */,
				FA36947D1AA0E6AF00C18BBF /* HackIllinois-2015 */,
				FA3694931AA0E6AF00C18BBF /* HackIllinois-2015Tests */,
				FA36947C1AA0E6AF00C18BBF /* Products */,
			);
			sourceTree = "<group>";
		};
		FA36947C1AA0E6AF00C18BBF /* Products */ = {
			isa = PBXGroup;
			children = (
				FA36947B1AA0E6AF00C18BBF /* HackIllinois-2015.app */,
				FA3694901AA0E6AF00C18BBF /* HackIllinois-2015Tests.xctest */,
			);
			name = Products;
			sourceTree = "<group>";
		};
		FA36947D1AA0E6AF00C18BBF /* HackIllinois-2015 */ = {
			isa = PBXGroup;
			children = (
				FA3694801AA0E6AF00C18BBF /* AppDelegate.swift */,
				FA3694821AA0E6AF00C18BBF /* ViewController.swift */,
				FA3694841AA0E6AF00C18BBF /* Main.storyboard */,
				FA3694871AA0E6AF00C18BBF /* Images.xcassets */,
				FA3694891AA0E6AF00C18BBF /* LaunchScreen.xib */,
				FA36947E1AA0E6AF00C18BBF /* Supporting Files */,
				FAC1FDA11AA181E90038E158 /* model */,
			);
			path = "HackIllinois-2015";
			sourceTree = "<group>";
		};
		FA36947E1AA0E6AF00C18BBF /* Supporting Files */ = {
			isa = PBXGroup;
			children = (
				FA36947F1AA0E6AF00C18BBF /* Info.plist */,
			);
			name = "Supporting Files";
			sourceTree = "<group>";
		};
		FA3694931AA0E6AF00C18BBF /* HackIllinois-2015Tests */ = {
			isa = PBXGroup;
			children = (
				FA3694961AA0E6AF00C18BBF /* HackIllinois_2015Tests.swift */,
				FA3694941AA0E6AF00C18BBF /* Supporting Files */,
			);
			path = "HackIllinois-2015Tests";
			sourceTree = "<group>";
		};
		FA3694941AA0E6AF00C18BBF /* Supporting Files */ = {
			isa = PBXGroup;
			children = (
				FA3694951AA0E6AF00C18BBF /* Info.plist */,
			);
			name = "Supporting Files";
			sourceTree = "<group>";
		};
		FA4104831AA1A7E2002038E3 /* HackIllinois-2015 */ = {
			isa = PBXGroup;
			children = (
				FA4104841AA1A7E2002038E3 /* AppDelegate.swift */,
				FA4104851AA1A7E2002038E3 /* LaunchScreen.xib */,
				FA4104871AA1A7E2002038E3 /* Main.storyboard */,
				FA4104891AA1A7E2002038E3 /* Images.xcassets */,
				FA41048A1AA1A7E2002038E3 /* Info.plist */,
				FA41048B1AA1A7E2002038E3 /* model */,
				FA4104921AA1A7E2002038E3 /* ViewController.swift */,
			);
			name = "HackIllinois-2015";
			sourceTree = "<group>";
		};
		FA41048B1AA1A7E2002038E3 /* model */ = {
			isa = PBXGroup;
			children = (
				FA41048C1AA1A7E2002038E3 /* Yelp API */,
				FA4104911AA1A7E2002038E3 /* yelp.swift */,
			);
			path = model;
			sourceTree = "<group>";
		};
		FA41048C1AA1A7E2002038E3 /* Yelp API */ = {
			isa = PBXGroup;
			children = (
				FA41048D1AA1A7E2002038E3 /* HackIllinois_2015-Bridging-Header.h */,
				FA41048E1AA1A7E2002038E3 /* LICENSE */,
				FA41048F1AA1A7E2002038E3 /* YelpBusiness.swift */,
				FA4104901AA1A7E2002038E3 /* YelpClient.swift */,
			);
			path = "Yelp API";
			sourceTree = "<group>";
		};
		FAAF79AB1AA1A09B002D467E /* Products */ = {
			isa = PBXGroup;
			children = (
				FAAF79B01AA1A09B002D467E /* Twitter Demo.app */,
				FAAF79B21AA1A09B002D467E /* Flickr Demo.app */,
			);
			name = Products;
			sourceTree = "<group>";
		};
		FAAF79B61AA1A0C3002D467E /* BDBOAuth1Manager */ = {
			isa = PBXGroup;
			children = (
				FAAF79B71AA1A0C3002D467E /* BDBOAuth1RequestOperationManager.h */,
				FAAF79B81AA1A0C3002D467E /* BDBOAuth1RequestOperationManager.m */,
				FAAF79B91AA1A0C3002D467E /* BDBOAuth1RequestSerializer.h */,
				FAAF79BA1AA1A0C3002D467E /* BDBOAuth1RequestSerializer.m */,
				FAAF79BB1AA1A0C3002D467E /* BDBOAuth1SessionManager.h */,
				FAAF79BC1AA1A0C3002D467E /* BDBOAuth1SessionManager.m */,
				FAAF79BD1AA1A0C3002D467E /* Categories */,
			);
			name = BDBOAuth1Manager;
			path = "../../BDBOAuth1Manager-master/BDBOAuth1Manager";
			sourceTree = "<group>";
		};
		FAAF79BD1AA1A0C3002D467E /* Categories */ = {
			isa = PBXGroup;
			children = (
				FAAF79BE1AA1A0C3002D467E /* NSDictionary+BDBOAuth1Manager.h */,
				FAAF79BF1AA1A0C3002D467E /* NSDictionary+BDBOAuth1Manager.m */,
				FAAF79C01AA1A0C3002D467E /* NSString+BDBOAuth1Manager.h */,
				FAAF79C11AA1A0C3002D467E /* NSString+BDBOAuth1Manager.m */,
			);
			path = Categories;
			sourceTree = "<group>";
		};
		FAC1FD951AA181220038E158 /* Products */ = {
			isa = PBXGroup;
			children = (
				FAC1FD9A1AA181230038E158 /* OAuthSwiftDemo.app */,
				FAC1FD9C1AA181230038E158 /* OAuthSwift.framework */,
			);
			name = Products;
			sourceTree = "<group>";
		};
		FAC1FDA11AA181E90038E158 /* model */ = {
			isa = PBXGroup;
			children = (
				FA4104831AA1A7E2002038E3 /* HackIllinois-2015 */,
				FAC1FDAD1AA18BD30038E158 /* API */,
				FAC1FD9F1AA181DA0038E158 /* yelp.swift */,
			);
			name = model;
			sourceTree = "<group>";
		};
		FAC1FDA31AA18B880038E158 /* Products */ = {
			isa = PBXGroup;
			children = (
				FAC1FDA81AA18B890038E158 /* Yelp.app */,
				FAC1FDAA1AA18B890038E158 /* YelpTests.xctest */,
			);
			name = Products;
			sourceTree = "<group>";
		};
		FAC1FDAD1AA18BD30038E158 /* API */ = {
			isa = PBXGroup;
			children = (
				FAAF79B61AA1A0C3002D467E /* BDBOAuth1Manager */,
				FAC1FDAB1AA18BD30038E158 /* YelpClient.swift */,
				FAC1FDB41AA18C480038E158 /* YelpBusiness.swift */,
				FAAF79A21AA19A13002D467E /* HackIllinois_2015-Bridging-Header.h */,
			);
			name = API;
			path = "../../../Downloads/CodePath-Yelp-master/Yelp";
			sourceTree = "<group>";
		};
/* End PBXGroup section */

/* Begin PBXNativeTarget section */
		FA36947A1AA0E6AF00C18BBF /* HackIllinois-2015 */ = {
			isa = PBXNativeTarget;
			buildConfigurationList = FA36949A1AA0E6AF00C18BBF /* Build configuration list for PBXNativeTarget "HackIllinois-2015" */;
			buildPhases = (
				FA3694771AA0E6AF00C18BBF /* Sources */,
				FA3694781AA0E6AF00C18BBF /* Frameworks */,
				FA3694791AA0E6AF00C18BBF /* Resources */,
			);
			buildRules = (
			);
			dependencies = (
			);
			name = "HackIllinois-2015";
			productName = "HackIllinois-2015";
			productReference = FA36947B1AA0E6AF00C18BBF /* HackIllinois-2015.app */;
			productType = "com.apple.product-type.application";
		};
		FA36948F1AA0E6AF00C18BBF /* HackIllinois-2015Tests */ = {
			isa = PBXNativeTarget;
			buildConfigurationList = FA36949D1AA0E6AF00C18BBF /* Build configuration list for PBXNativeTarget "HackIllinois-2015Tests" */;
			buildPhases = (
				FA36948C1AA0E6AF00C18BBF /* Sources */,
				FA36948D1AA0E6AF00C18BBF /* Frameworks */,
				FA36948E1AA0E6AF00C18BBF /* Resources */,
			);
			buildRules = (
			);
			dependencies = (
				FA3694921AA0E6AF00C18BBF /* PBXTargetDependency */,
			);
			name = "HackIllinois-2015Tests";
			productName = "HackIllinois-2015Tests";
			productReference = FA3694901AA0E6AF00C18BBF /* HackIllinois-2015Tests.xctest */;
			productType = "com.apple.product-type.bundle.unit-test";
		};
/* End PBXNativeTarget section */

/* Begin PBXProject section */
		FA3694731AA0E6AF00C18BBF /* Project object */ = {
			isa = PBXProject;
			attributes = {
				LastUpgradeCheck = 0610;
				ORGANIZATIONNAME = PointOfIgnition;
				TargetAttributes = {
					FA36947A1AA0E6AF00C18BBF = {
						CreatedOnToolsVersion = 6.1.1;
						DevelopmentTeam = 2S3D8J8M3T;
					};
					FA36948F1AA0E6AF00C18BBF = {
						CreatedOnToolsVersion = 6.1.1;
						TestTargetID = FA36947A1AA0E6AF00C18BBF;
					};
				};
			};
			buildConfigurationList = FA3694761AA0E6AF00C18BBF /* Build configuration list for PBXProject "HackIllinois-2015" */;
			compatibilityVersion = "Xcode 3.2";
			developmentRegion = English;
			hasScannedForEncodings = 0;
			knownRegions = (
				en,
				Base,
			);
			mainGroup = FA3694721AA0E6AF00C18BBF;
			productRefGroup = FA36947C1AA0E6AF00C18BBF /* Products */;
			projectDirPath = "";
			projectReferences = (
				{
					ProductGroup = FAAF79AB1AA1A09B002D467E /* Products */;
					ProjectRef = FAAF79AA1AA1A09B002D467E /* BDBOAuth1ManagerDemo.xcodeproj */;
				},
				{
					ProductGroup = FAC1FD951AA181220038E158 /* Products */;
					ProjectRef = FAC1FD941AA181220038E158 /* OAuthSwift.xcodeproj */;
				},
				{
					ProductGroup = FAC1FDA31AA18B880038E158 /* Products */;
					ProjectRef = FAC1FDA21AA18B880038E158 /* Yelp.xcodeproj */;
				},
			);
			projectRoot = "";
			targets = (
				FA36947A1AA0E6AF00C18BBF /* HackIllinois-2015 */,
				FA36948F1AA0E6AF00C18BBF /* HackIllinois-2015Tests */,
			);
		};
/* End PBXProject section */

/* Begin PBXReferenceProxy section */
		FAAF79B01AA1A09B002D467E /* Twitter Demo.app */ = {
			isa = PBXReferenceProxy;
			fileType = wrapper.application;
			path = "Twitter Demo.app";
			remoteRef = FAAF79AF1AA1A09B002D467E /* PBXContainerItemProxy */;
			sourceTree = BUILT_PRODUCTS_DIR;
		};
		FAAF79B21AA1A09B002D467E /* Flickr Demo.app */ = {
			isa = PBXReferenceProxy;
			fileType = wrapper.application;
			path = "Flickr Demo.app";
			remoteRef = FAAF79B11AA1A09B002D467E /* PBXContainerItemProxy */;
			sourceTree = BUILT_PRODUCTS_DIR;
		};
		FAC1FD9A1AA181230038E158 /* OAuthSwiftDemo.app */ = {
			isa = PBXReferenceProxy;
			fileType = wrapper.application;
			path = OAuthSwiftDemo.app;
			remoteRef = FAC1FD991AA181230038E158 /* PBXContainerItemProxy */;
			sourceTree = BUILT_PRODUCTS_DIR;
		};
		FAC1FD9C1AA181230038E158 /* OAuthSwift.framework */ = {
			isa = PBXReferenceProxy;
			fileType = wrapper.framework;
			path = OAuthSwift.framework;
			remoteRef = FAC1FD9B1AA181230038E158 /* PBXContainerItemProxy */;
			sourceTree = BUILT_PRODUCTS_DIR;
		};
		FAC1FDA81AA18B890038E158 /* Yelp.app */ = {
			isa = PBXReferenceProxy;
			fileType = wrapper.application;
			path = Yelp.app;
			remoteRef = FAC1FDA71AA18B890038E158 /* PBXContainerItemProxy */;
			sourceTree = BUILT_PRODUCTS_DIR;
		};
		FAC1FDAA1AA18B890038E158 /* YelpTests.xctest */ = {
			isa = PBXReferenceProxy;
			fileType = wrapper.cfbundle;
			path = YelpTests.xctest;
			remoteRef = FAC1FDA91AA18B890038E158 /* PBXContainerItemProxy */;
			sourceTree = BUILT_PRODUCTS_DIR;
		};
/* End PBXReferenceProxy section */

/* Begin PBXResourcesBuildPhase section */
		FA3694791AA0E6AF00C18BBF /* Resources */ = {
			isa = PBXResourcesBuildPhase;
			buildActionMask = 2147483647;
			files = (
				FA4104941AA1A7E2002038E3 /* LaunchScreen.xib in Resources */,
				FA4104951AA1A7E2002038E3 /* Main.storyboard in Resources */,
				FA4104981AA1A7E2002038E3 /* LICENSE in Resources */,
				FA3694861AA0E6AF00C18BBF /* Main.storyboard in Resources */,
				FA4104961AA1A7E2002038E3 /* Images.xcassets in Resources */,
				FA36948B1AA0E6AF00C18BBF /* LaunchScreen.xib in Resources */,
				FA3694881AA0E6AF00C18BBF /* Images.xcassets in Resources */,
				FA4104971AA1A7E2002038E3 /* Info.plist in Resources */,
			);
			runOnlyForDeploymentPostprocessing = 0;
		};
		FA36948E1AA0E6AF00C18BBF /* Resources */ = {
			isa = PBXResourcesBuildPhase;
			buildActionMask = 2147483647;
			files = (
			);
			runOnlyForDeploymentPostprocessing = 0;
		};
/* End PBXResourcesBuildPhase section */

/* Begin PBXSourcesBuildPhase section */
		FA3694771AA0E6AF00C18BBF /* Sources */ = {
			isa = PBXSourcesBuildPhase;
			buildActionMask = 2147483647;
			files = (
				FA41049C1AA1A7E2002038E3 /* ViewController.swift in Sources */,
				FA4104931AA1A7E2002038E3 /* AppDelegate.swift in Sources */,
				FAAF79C21AA1A0C3002D467E /* BDBOAuth1RequestOperationManager.m in Sources */,
				FAC1FDB01AA18BD30038E158 /* YelpClient.swift in Sources */,
				FA4104991AA1A7E2002038E3 /* YelpBusiness.swift in Sources */,
				FA3694831AA0E6AF00C18BBF /* ViewController.swift in Sources */,
				FAC1FDB51AA18C480038E158 /* YelpBusiness.swift in Sources */,
				FAAF79C51AA1A0C3002D467E /* NSDictionary+BDBOAuth1Manager.m in Sources */,
				FAAF79C31AA1A0C3002D467E /* BDBOAuth1RequestSerializer.m in Sources */,
				FAAF79C61AA1A0C3002D467E /* NSString+BDBOAuth1Manager.m in Sources */,
				FA41049B1AA1A7E2002038E3 /* yelp.swift in Sources */,
				FAAF79C41AA1A0C3002D467E /* BDBOAuth1SessionManager.m in Sources */,
				FA3694811AA0E6AF00C18BBF /* AppDelegate.swift in Sources */,
				FAC1FDA01AA181DA0038E158 /* yelp.swift in Sources */,
				FA41049A1AA1A7E2002038E3 /* YelpClient.swift in Sources */,
			);
			runOnlyForDeploymentPostprocessing = 0;
		};
		FA36948C1AA0E6AF00C18BBF /* Sources */ = {
			isa = PBXSourcesBuildPhase;
			buildActionMask = 2147483647;
			files = (
				FA3694971AA0E6AF00C18BBF /* HackIllinois_2015Tests.swift in Sources */,
			);
			runOnlyForDeploymentPostprocessing = 0;
		};
/* End PBXSourcesBuildPhase section */

/* Begin PBXTargetDependency section */
		FA3694921AA0E6AF00C18BBF /* PBXTargetDependency */ = {
			isa = PBXTargetDependency;
			target = FA36947A1AA0E6AF00C18BBF /* HackIllinois-2015 */;
			targetProxy = FA3694911AA0E6AF00C18BBF /* PBXContainerItemProxy */;
		};
/* End PBXTargetDependency section */

/* Begin PBXVariantGroup section */
		FA3694841AA0E6AF00C18BBF /* Main.storyboard */ = {
			isa = PBXVariantGroup;
			children = (
				FA3694851AA0E6AF00C18BBF /* Base */,
			);
			name = Main.storyboard;
			sourceTree = "<group>";
		};
		FA3694891AA0E6AF00C18BBF /* LaunchScreen.xib */ = {
			isa = PBXVariantGroup;
			children = (
				FA36948A1AA0E6AF00C18BBF /* Base */,
			);
			name = LaunchScreen.xib;
			sourceTree = "<group>";
		};
		FA4104851AA1A7E2002038E3 /* LaunchScreen.xib */ = {
			isa = PBXVariantGroup;
			children = (
				FA4104861AA1A7E2002038E3 /* Base */,
			);
			name = LaunchScreen.xib;
			sourceTree = "<group>";
		};
		FA4104871AA1A7E2002038E3 /* Main.storyboard */ = {
			isa = PBXVariantGroup;
			children = (
				FA4104881AA1A7E2002038E3 /* Base */,
			);
			name = Main.storyboard;
			sourceTree = "<group>";
		};
/* End PBXVariantGroup section */

/* Begin XCBuildConfiguration section */
		FA3694981AA0E6AF00C18BBF /* Debug */ = {
			isa = XCBuildConfiguration;
			buildSettings = {
				ALWAYS_SEARCH_USER_PATHS = NO;
				CLANG_CXX_LANGUAGE_STANDARD = "gnu++0x";
				CLANG_CXX_LIBRARY = "libc++";
				CLANG_ENABLE_MODULES = YES;
				CLANG_ENABLE_OBJC_ARC = YES;
				CLANG_WARN_BOOL_CONVERSION = YES;
				CLANG_WARN_CONSTANT_CONVERSION = YES;
				CLANG_WARN_DIRECT_OBJC_ISA_USAGE = YES_ERROR;
				CLANG_WARN_EMPTY_BODY = YES;
				CLANG_WARN_ENUM_CONVERSION = YES;
				CLANG_WARN_INT_CONVERSION = YES;
				CLANG_WARN_OBJC_ROOT_CLASS = YES_ERROR;
				CLANG_WARN_UNREACHABLE_CODE = YES;
				CLANG_WARN__DUPLICATE_METHOD_MATCH = YES;
				"CODE_SIGN_IDENTITY[sdk=iphoneos*]" = "iPhone Developer";
				COPY_PHASE_STRIP = NO;
				ENABLE_STRICT_OBJC_MSGSEND = YES;
				GCC_C_LANGUAGE_STANDARD = gnu99;
				GCC_DYNAMIC_NO_PIC = NO;
				GCC_OPTIMIZATION_LEVEL = 0;
				GCC_PREPROCESSOR_DEFINITIONS = (
					"DEBUG=1",
					"$(inherited)",
				);
				GCC_SYMBOLS_PRIVATE_EXTERN = NO;
				GCC_WARN_64_TO_32_BIT_CONVERSION = YES;
				GCC_WARN_ABOUT_RETURN_TYPE = YES_ERROR;
				GCC_WARN_UNDECLARED_SELECTOR = YES;
				GCC_WARN_UNINITIALIZED_AUTOS = YES_AGGRESSIVE;
				GCC_WARN_UNUSED_FUNCTION = YES;
				GCC_WARN_UNUSED_VARIABLE = YES;
				IPHONEOS_DEPLOYMENT_TARGET = 8.1;
				MTL_ENABLE_DEBUG_INFO = YES;
				ONLY_ACTIVE_ARCH = YES;
				SDKROOT = iphoneos;
				SWIFT_OPTIMIZATION_LEVEL = "-Onone";
				TARGETED_DEVICE_FAMILY = "1,2";
			};
			name = Debug;
		};
		FA3694991AA0E6AF00C18BBF /* Release */ = {
			isa = XCBuildConfiguration;
			buildSettings = {
				ALWAYS_SEARCH_USER_PATHS = NO;
				CLANG_CXX_LANGUAGE_STANDARD = "gnu++0x";
				CLANG_CXX_LIBRARY = "libc++";
				CLANG_ENABLE_MODULES = YES;
				CLANG_ENABLE_OBJC_ARC = YES;
				CLANG_WARN_BOOL_CONVERSION = YES;
				CLANG_WARN_CONSTANT_CONVERSION = YES;
				CLANG_WARN_DIRECT_OBJC_ISA_USAGE = YES_ERROR;
				CLANG_WARN_EMPTY_BODY = YES;
				CLANG_WARN_ENUM_CONVERSION = YES;
				CLANG_WARN_INT_CONVERSION = YES;
				CLANG_WARN_OBJC_ROOT_CLASS = YES_ERROR;
				CLANG_WARN_UNREACHABLE_CODE = YES;
				CLANG_WARN__DUPLICATE_METHOD_MATCH = YES;
				"CODE_SIGN_IDENTITY[sdk=iphoneos*]" = "iPhone Developer";
				COPY_PHASE_STRIP = YES;
				ENABLE_NS_ASSERTIONS = NO;
				ENABLE_STRICT_OBJC_MSGSEND = YES;
				GCC_C_LANGUAGE_STANDARD = gnu99;
				GCC_WARN_64_TO_32_BIT_CONVERSION = YES;
				GCC_WARN_ABOUT_RETURN_TYPE = YES_ERROR;
				GCC_WARN_UNDECLARED_SELECTOR = YES;
				GCC_WARN_UNINITIALIZED_AUTOS = YES_AGGRESSIVE;
				GCC_WARN_UNUSED_FUNCTION = YES;
				GCC_WARN_UNUSED_VARIABLE = YES;
				IPHONEOS_DEPLOYMENT_TARGET = 8.1;
				MTL_ENABLE_DEBUG_INFO = NO;
				SDKROOT = iphoneos;
				TARGETED_DEVICE_FAMILY = "1,2";
				VALIDATE_PRODUCT = YES;
			};
			name = Release;
		};
		FA36949B1AA0E6AF00C18BBF /* Debug */ = {
			isa = XCBuildConfiguration;
			buildSettings = {
				ASSETCATALOG_COMPILER_APPICON_NAME = AppIcon;
				CODE_SIGN_IDENTITY = "iPhone Developer";
				"CODE_SIGN_IDENTITY[sdk=iphoneos*]" = "iPhone Developer";
				INFOPLIST_FILE = "HackIllinois-2015/Info.plist";
				LD_RUNPATH_SEARCH_PATHS = "$(inherited) @executable_path/Frameworks";
				PRODUCT_NAME = "$(TARGET_NAME)";
				PROVISIONING_PROFILE = "";
				SWIFT_OBJC_BRIDGING_HEADER = "/Users/alex/Xcode Projects/HackIllinois-2015/HackIllinois-2015/model/Yelp API/HackIllinois_2015-Bridging-Header.h";
			};
			name = Debug;
		};
		FA36949C1AA0E6AF00C18BBF /* Release */ = {
			isa = XCBuildConfiguration;
			buildSettings = {
				ASSETCATALOG_COMPILER_APPICON_NAME = AppIcon;
				CODE_SIGN_IDENTITY = "iPhone Developer";
				"CODE_SIGN_IDENTITY[sdk=iphoneos*]" = "iPhone Developer";
				INFOPLIST_FILE = "HackIllinois-2015/Info.plist";
				LD_RUNPATH_SEARCH_PATHS = "$(inherited) @executable_path/Frameworks";
				PRODUCT_NAME = "$(TARGET_NAME)";
				PROVISIONING_PROFILE = "";
				SWIFT_OBJC_BRIDGING_HEADER = "/Users/alex/Xcode Projects/HackIllinois-2015/HackIllinois-2015/model/Yelp API/HackIllinois_2015-Bridging-Header.h";
			};
			name = Release;
		};
		FA36949E1AA0E6AF00C18BBF /* Debug */ = {
			isa = XCBuildConfiguration;
			buildSettings = {
				BUNDLE_LOADER = "$(TEST_HOST)";
				FRAMEWORK_SEARCH_PATHS = (
					"$(SDKROOT)/Developer/Library/Frameworks",
					"$(inherited)",
				);
				GCC_PREPROCESSOR_DEFINITIONS = (
					"DEBUG=1",
					"$(inherited)",
				);
				INFOPLIST_FILE = "HackIllinois-2015Tests/Info.plist";
				LD_RUNPATH_SEARCH_PATHS = "$(inherited) @executable_path/Frameworks @loader_path/Frameworks";
				PRODUCT_NAME = "$(TARGET_NAME)";
				TEST_HOST = "$(BUILT_PRODUCTS_DIR)/HackIllinois-2015.app/HackIllinois-2015";
			};
			name = Debug;
		};
		FA36949F1AA0E6AF00C18BBF /* Release */ = {
			isa = XCBuildConfiguration;
			buildSettings = {
				BUNDLE_LOADER = "$(TEST_HOST)";
				FRAMEWORK_SEARCH_PATHS = (
					"$(SDKROOT)/Developer/Library/Frameworks",
					"$(inherited)",
				);
				INFOPLIST_FILE = "HackIllinois-2015Tests/Info.plist";
				LD_RUNPATH_SEARCH_PATHS = "$(inherited) @executable_path/Frameworks @loader_path/Frameworks";
				PRODUCT_NAME = "$(TARGET_NAME)";
				TEST_HOST = "$(BUILT_PRODUCTS_DIR)/HackIllinois-2015.app/HackIllinois-2015";
			};
			name = Release;
		};
/* End XCBuildConfiguration section */

/* Begin XCConfigurationList section */
		FA3694761AA0E6AF00C18BBF /* Build configuration list for PBXProject "HackIllinois-2015" */ = {
			isa = XCConfigurationList;
			buildConfigurations = (
				FA3694981AA0E6AF00C18BBF /* Debug */,
				FA3694991AA0E6AF00C18BBF /* Release */,
			);
			defaultConfigurationIsVisible = 0;
			defaultConfigurationName = Release;
		};
		FA36949A1AA0E6AF00C18BBF /* Build configuration list for PBXNativeTarget "HackIllinois-2015" */ = {
			isa = XCConfigurationList;
			buildConfigurations = (
				FA36949B1AA0E6AF00C18BBF /* Debug */,
				FA36949C1AA0E6AF00C18BBF /* Release */,
			);
			defaultConfigurationIsVisible = 0;
			defaultConfigurationName = Release;
		};
		FA36949D1AA0E6AF00C18BBF /* Build configuration list for PBXNativeTarget "HackIllinois-2015Tests" */ = {
			isa = XCConfigurationList;
			buildConfigurations = (
				FA36949E1AA0E6AF00C18BBF /* Debug */,
				FA36949F1AA0E6AF00C18BBF /* Release */,
			);
			defaultConfigurationIsVisible = 0;
			defaultConfigurationName = Release;
		};
/* End XCConfigurationList section */
	};
	rootObject = FA3694731AA0E6AF00C18BBF /* Project object */;
}
